#MicroXplorer Configuration settings - do not modify
FREERTOS.IPParameters=Tasks01,configUSE_COUNTING_SEMAPHORES,configUSE_PREEMPTION,configIDLE_SHOULD_YIELD,configENABLE_BACKWARD_COMPATIBILITY,configUSE_TASK_NOTIFICATIONS
FREERTOS.Tasks01=defaultTask,0,128,StartDefaultTask,Default,NULL,Dynamic,NULL,NULL
FREERTOS.configENABLE_BACKWARD_COMPATIBILITY=0
FREERTOS.configIDLE_SHOULD_YIELD=0
FREERTOS.configUSE_COUNTING_SEMAPHORES=1
FREERTOS.configUSE_PREEMPTION=0
FREERTOS.configUSE_TASK_NOTIFICATIONS=0
File.Version=6
GPIO.groupedBy=Group By Peripherals
KeepUserPlacement=false
Mcu.CPN=STM32F103ZET7
Mcu.Family=STM32F1
Mcu.IP0=DAC
Mcu.IP1=FREERTOS
Mcu.IP2=FSMC
Mcu.IP3=NVIC
Mcu.IP4=RCC
Mcu.IP5=SYS
Mcu.IP6=TIM6
Mcu.IPNb=7
Mcu.Name=STM32F103Z(C-D-E)Tx
Mcu.Package=LQFP144
Mcu.Pin0=PE2
Mcu.Pin1=PE3
Mcu.Pin10=OSC_OUT
Mcu.Pin11=PA4
Mcu.Pin12=PB1
Mcu.Pin13=PE7
Mcu.Pin14=PE8
Mcu.Pin15=PE9
Mcu.Pin16=PE10
Mcu.Pin17=PE11
Mcu.Pin18=PE12
Mcu.Pin19=PE13
Mcu.Pin2=PE4
Mcu.Pin20=PE14
Mcu.Pin21=PE15
Mcu.Pin22=PD8
Mcu.Pin23=PD9
Mcu.Pin24=PD10
Mcu.Pin25=PD14
Mcu.Pin26=PD15
Mcu.Pin27=PD0
Mcu.Pin28=PD1
Mcu.Pin29=PD4
Mcu.Pin3=PE5
Mcu.Pin30=PD5
Mcu.Pin31=PG12
Mcu.Pin32=VP_FREERTOS_VS_CMSIS_V1
Mcu.Pin33=VP_SYS_VS_ND
Mcu.Pin34=VP_SYS_VS_Systick
Mcu.Pin35=VP_TIM6_VS_ClockSourceINT
Mcu.Pin4=PE6
Mcu.Pin5=PF0
Mcu.Pin6=PF1
Mcu.Pin7=PF2
Mcu.Pin8=PF3
Mcu.Pin9=OSC_IN
Mcu.PinsNb=36
Mcu.ThirdPartyNb=0
Mcu.UserConstants=
Mcu.UserName=STM32F103ZETx
MxCube.Version=6.6.1
MxDb.Version=DB.6.0.60
NVIC.BusFault_IRQn=true\:0\:0\:false\:false\:true\:false\:false\:false\:false
NVIC.DebugMonitor_IRQn=true\:0\:0\:false\:false\:true\:false\:false\:false\:false
NVIC.ForceEnableDMAVector=true
NVIC.HardFault_IRQn=true\:0\:0\:false\:false\:true\:false\:false\:false\:false
NVIC.MemoryManagement_IRQn=true\:0\:0\:false\:false\:true\:false\:false\:false\:false
NVIC.NonMaskableInt_IRQn=true\:0\:0\:false\:false\:true\:false\:false\:false\:false
NVIC.PendSV_IRQn=true\:15\:0\:false\:false\:false\:true\:false\:false\:false
NVIC.PriorityGroup=NVIC_PRIORITYGROUP_4
NVIC.SVCall_IRQn=true\:0\:0\:false\:false\:false\:false\:false\:false\:false
NVIC.SavedPendsvIrqHandlerGenerated=true
NVIC.SavedSvcallIrqHandlerGenerated=true
NVIC.SavedSystickIrqHandlerGenerated=true
NVIC.SysTick_IRQn=true\:15\:0\:false\:false\:true\:true\:false\:true\:false
NVIC.UsageFault_IRQn=true\:0\:0\:false\:false\:true\:false\:false\:false\:false
OSC_IN.Mode=HSE-External-Oscillator
OSC_IN.Signal=RCC_OSC_IN
OSC_OUT.Mode=HSE-External-Oscillator
OSC_OUT.Signal=RCC_OSC_OUT
PA4.Locked=true
PA4.Signal=COMP_DAC1_group
PB1.GPIOParameters=GPIO_PuPd,GPIO_Label,GPIO_ModeDefaultOutputPP
PB1.GPIO_Label=Relay
PB1.GPIO_ModeDefaultOutputPP=GPIO_MODE_OUTPUT_OD
PB1.GPIO_PuPd=GPIO_NOPULL
PB1.Locked=true
PB1.Signal=GPIO_Output
PD0.Signal=FSMC_D2_DA2
PD1.Signal=FSMC_D3_DA3
PD10.Signal=FSMC_D15_DA15
PD14.Signal=FSMC_D0_DA0
PD15.Signal=FSMC_D1_DA1
PD4.Signal=FSMC_NOE
PD5.Signal=FSMC_NWE
PD8.Signal=FSMC_D13_DA13
PD9.Signal=FSMC_D14_DA14
PE10.Signal=FSMC_D7_DA7
PE11.Signal=FSMC_D8_DA8
PE12.Signal=FSMC_D9_DA9
PE13.Signal=FSMC_D10_DA10
PE14.Signal=FSMC_D11_DA11
PE15.Signal=FSMC_D12_DA12
PE2.GPIOParameters=GPIO_PuPd,GPIO_Label,GPIO_ModeDefaultOutputPP
PE2.GPIO_Label=w1
PE2.GPIO_ModeDefaultOutputPP=GPIO_MODE_OUTPUT_OD
PE2.GPIO_PuPd=GPIO_NOPULL
PE2.Locked=true
PE2.Signal=GPIO_Output
PE3.GPIOParameters=GPIO_PuPd,GPIO_Label
PE3.GPIO_Label=k1
PE3.GPIO_PuPd=GPIO_PULLUP
PE3.Locked=true
PE3.Signal=GPIO_Input
PE4.GPIOParameters=GPIO_PuPd,GPIO_Label,GPIO_ModeDefaultOutputPP
PE4.GPIO_Label=w2
PE4.GPIO_ModeDefaultOutputPP=GPIO_MODE_OUTPUT_OD
PE4.GPIO_PuPd=GPIO_NOPULL
PE4.Locked=true
PE4.Signal=GPIO_Output
PE5.GPIOParameters=GPIO_PuPd,GPIO_Label
PE5.GPIO_Label=k2
PE5.GPIO_PuPd=GPIO_PULLUP
PE5.Locked=true
PE5.Signal=GPIO_Input
PE6.GPIOParameters=GPIO_PuPd,GPIO_Label,GPIO_ModeDefaultOutputPP
PE6.GPIO_Label=w3
PE6.GPIO_ModeDefaultOutputPP=GPIO_MODE_OUTPUT_OD
PE6.GPIO_PuPd=GPIO_NOPULL
PE6.Locked=true
PE6.Signal=GPIO_Output
PE7.Signal=FSMC_D4_DA4
PE8.Signal=FSMC_D5_DA5
PE9.Signal=FSMC_D6_DA6
PF0.Signal=FSMC_A0
PF1.GPIOParameters=GPIO_PuPd,GPIO_Label
PF1.GPIO_Label=k3
PF1.GPIO_PuPd=GPIO_PULLUP
PF1.Locked=true
PF1.Signal=GPIO_Input
PF2.GPIOParameters=GPIO_PuPd,GPIO_Label,GPIO_ModeDefaultOutputPP
PF2.GPIO_Label=w4
PF2.GPIO_ModeDefaultOutputPP=GPIO_MODE_OUTPUT_OD
PF2.GPIO_PuPd=GPIO_NOPULL
PF2.Locked=true
PF2.Signal=GPIO_Output
PF3.GPIOParameters=GPIO_PuPd,GPIO_Label
PF3.GPIO_Label=k4
PF3.GPIO_PuPd=GPIO_PULLUP
PF3.Locked=true
PF3.Signal=GPIO_Input
PG12.Mode=NorPsramChipSelect4_3
PG12.Signal=FSMC_NE4
PinOutPanel.RotationAngle=0
ProjectManager.AskForMigrate=true
ProjectManager.BackupPrevious=false
ProjectManager.CompilerOptimize=6
ProjectManager.ComputerToolchain=false
ProjectManager.CoupleFile=false
ProjectManager.CustomerFirmwarePackage=
ProjectManager.DefaultFWLocation=true
ProjectManager.DeletePrevious=true
ProjectManager.DeviceId=STM32F103ZETx
ProjectManager.FirmwarePackage=STM32Cube FW_F1 V1.8.4
ProjectManager.FreePins=false
ProjectManager.HalAssertFull=false
ProjectManager.HeapSize=0x200
ProjectManager.KeepUserCode=true
ProjectManager.LastFirmware=true
ProjectManager.LibraryCopy=0
ProjectManager.MainLocation=Core/Src
ProjectManager.NoMain=false
ProjectManager.PreviousToolchain=
ProjectManager.ProjectBuild=false
ProjectManager.ProjectFileName=zamek.ioc
ProjectManager.ProjectName=zamek
ProjectManager.RegisterCallBack=
ProjectManager.StackSize=0x400
ProjectManager.TargetToolchain=MDK-ARM V5.32
ProjectManager.ToolChainLocation=
ProjectManager.UnderRoot=false
ProjectManager.functionlistsort=1-SystemClock_Config-RCC-false-HAL-false,2-MX_GPIO_Init-GPIO-false-HAL-true,3-MX_DAC_Init-DAC-false-HAL-true,4-MX_FSMC_Init-FSMC-false-HAL-true,5-MX_TIM6_Init-TIM6-false-HAL-true
RCC.APB1Freq_Value=8000000
RCC.APB2Freq_Value=8000000
RCC.FamilyName=M
RCC.IPParameters=APB1Freq_Value,APB2Freq_Value,FamilyName,PLLCLKFreq_Value,PLLMCOFreq_Value,PLLSourceVirtual,SYSCLKSource,TimSysFreq_Value,USBFreq_Value,VCOOutput2Freq_Value
RCC.PLLCLKFreq_Value=16000000
RCC.PLLMCOFreq_Value=8000000
RCC.PLLSourceVirtual=RCC_PLLSOURCE_HSE
RCC.SYSCLKSource=RCC_SYSCLKSOURCE_HSE
RCC.TimSysFreq_Value=8000000
RCC.USBFreq_Value=16000000
RCC.VCOOutput2Freq_Value=8000000
SH.COMP_DAC1_group.0=DAC_OUT1,DAC_OUT1
SH.COMP_DAC1_group.ConfNb=1
SH.FSMC_A0.0=FSMC_A0,A0_3
SH.FSMC_A0.ConfNb=1
SH.FSMC_D0_DA0.0=FSMC_D0,16b-d3
SH.FSMC_D0_DA0.ConfNb=1
SH.FSMC_D10_DA10.0=FSMC_D10,16b-d3
SH.FSMC_D10_DA10.ConfNb=1
SH.FSMC_D11_DA11.0=FSMC_D11,16b-d3
SH.FSMC_D11_DA11.ConfNb=1
SH.FSMC_D12_DA12.0=FSMC_D12,16b-d3
SH.FSMC_D12_DA12.ConfNb=1
SH.FSMC_D13_DA13.0=FSMC_D13,16b-d3
SH.FSMC_D13_DA13.ConfNb=1
SH.FSMC_D14_DA14.0=FSMC_D14,16b-d3
SH.FSMC_D14_DA14.ConfNb=1
SH.FSMC_D15_DA15.0=FSMC_D15,16b-d3
SH.FSMC_D15_DA15.ConfNb=1
SH.FSMC_D1_DA1.0=FSMC_D1,16b-d3
SH.FSMC_D1_DA1.ConfNb=1
SH.FSMC_D2_DA2.0=FSMC_D2,16b-d3
SH.FSMC_D2_DA2.ConfNb=1
SH.FSMC_D3_DA3.0=FSMC_D3,16b-d3
SH.FSMC_D3_DA3.ConfNb=1
SH.FSMC_D4_DA4.0=FSMC_D4,16b-d3
SH.FSMC_D4_DA4.ConfNb=1
SH.FSMC_D5_DA5.0=FSMC_D5,16b-d3
SH.FSMC_D5_DA5.ConfNb=1
SH.FSMC_D6_DA6.0=FSMC_D6,16b-d3
SH.FSMC_D6_DA6.ConfNb=1
SH.FSMC_D7_DA7.0=FSMC_D7,16b-d3
SH.FSMC_D7_DA7.ConfNb=1
SH.FSMC_D8_DA8.0=FSMC_D8,16b-d3
SH.FSMC_D8_DA8.ConfNb=1
SH.FSMC_D9_DA9.0=FSMC_D9,16b-d3
SH.FSMC_D9_DA9.ConfNb=1
SH.FSMC_NOE.0=FSMC_NOE,Lcd3
SH.FSMC_NOE.ConfNb=1
SH.FSMC_NWE.0=FSMC_NWE,Lcd3
SH.FSMC_NWE.ConfNb=1
TIM6.IPParameters=Prescaler,Period
TIM6.Period=7999
TIM6.Prescaler=4999
VP_FREERTOS_VS_CMSIS_V1.Mode=CMSIS_V1
VP_FREERTOS_VS_CMSIS_V1.Signal=FREERTOS_VS_CMSIS_V1
VP_SYS_VS_ND.Mode=No_Debug
VP_SYS_VS_ND.Signal=SYS_VS_ND
VP_SYS_VS_Systick.Mode=SysTick
VP_SYS_VS_Systick.Signal=SYS_VS_Systick
VP_TIM6_VS_ClockSourceINT.Mode=Enable_Timer
VP_TIM6_VS_ClockSourceINT.Signal=TIM6_VS_ClockSourceINT
board=custom
